
Microsoft Visual Studio Solution File, Format Version 12.00
# Visual Studio Version 16
VisualStudioVersion = 16.0.29424.173
MinimumVisualStudioVersion = 10.0.40219.1
Project("{FAE04EC0-301F-11D3-BF4B-00C04F79EFBC}") = "RoamingSupport", "RoamingSupport\RoamingSupport.csproj", "{BFB76170-287A-4CDF-A8AE-908E9B26E704}"
EndProject
Global
	GlobalSection(SolutionConfigurationPlatforms) = preSolution
		Debug|Any CPU = Debug|Any CPU
		Release|Any CPU = Release|Any CPU
	EndGlobalSection
	GlobalSection(ProjectConfigurationPlatforms) = postSolution
		{BFB76170-287A-4CDF-A8AE-908E9B26E704}.Debug|Any CPU.ActiveCfg = Debug|Any CPU
		{BFB76170-287A-4CDF-A8AE-908E9B26E704}.Debug|Any CPU.Build.0 = Debug|Any CPU
		{BFB76170-287A-4CDF-A8AE-908E9B26E704}.Release|Any CPU.ActiveCfg = Release|Any CPU
		{BFB76170-287A-4CDF-A8AE-908E9B26E704}.Release|Any CPU.Build.0 = Release|Any CPU
	EndGlobalSection
	GlobalSection(SolutionProperties) = preSolution
		HideSolutionNode = FALSE
	EndGlobalSection
	GlobalSection(ExtensibilityGlobals) = postSolution
		SolutionGuid = {374243EB-D00F-4931-AEEE-68BB13D18F2B}
	EndGlobalSection
EndGlobal
